
Microsoft Visual Studio Solution File, Format Version 12.00
# Visual Studio 15
VisualStudioVersion = 15.0.28307.168
MinimumVisualStudioVersion = 10.0.40219.1
Project("{FAE04EC0-301F-11D3-BF4B-00C04F79EFBC}") = "HackerNews", "HackerNews\HackerNews.csproj", "{65112B8A-2E89-48E5-899C-5054BC01573E}"
EndProject
Global
	GlobalSection(SolutionConfigurationPlatforms) = preSolution
		Debug|Any CPU = Debug|Any CPU
		Release|Any CPU = Release|Any CPU
	EndGlobalSection
	GlobalSection(ProjectConfigurationPlatforms) = postSolution
		{65112B8A-2E89-48E5-899C-5054BC01573E}.Debug|Any CPU.ActiveCfg = Debug|Any CPU
		{65112B8A-2E89-48E5-899C-5054BC01573E}.Debug|Any CPU.Build.0 = Debug|Any CPU
		{65112B8A-2E89-48E5-899C-5054BC01573E}.Release|Any CPU.ActiveCfg = Release|Any CPU
		{65112B8A-2E89-48E5-899C-5054BC01573E}.Release|Any CPU.Build.0 = Release|Any CPU
	EndGlobalSection
	GlobalSection(SolutionProperties) = preSolution
		HideSolutionNode = FALSE
	EndGlobalSection
	GlobalSection(ExtensibilityGlobals) = postSolution
		SolutionGuid = {E990CD89-089A-4011-9025-B6B64DFFA075}
	EndGlobalSection
EndGlobal
